
Microsoft Visual Studio Solution File, Format Version 12.00
# Visual Studio Version 17
VisualStudioVersion = 17.2.32616.157
MinimumVisualStudioVersion = 10.0.40219.1
Project("{FAE04EC0-301F-11D3-BF4B-00C04F79EFBC}") = "VIVA_report_analyser_WPF", "VIVA_report_analyser_WPF\VIVA_report_analyser_WPF.csproj", "{6618F299-AC32-4CD0-AACA-A815C561B894}"
EndProject
Global
	GlobalSection(SolutionConfigurationPlatforms) = preSolution
		Debug|Any CPU = Debug|Any CPU
		Release|Any CPU = Release|Any CPU
	EndGlobalSection
	GlobalSection(ProjectConfigurationPlatforms) = postSolution
		{6618F299-AC32-4CD0-AACA-A815C561B894}.Debug|Any CPU.ActiveCfg = Debug|Any CPU
		{6618F299-AC32-4CD0-AACA-A815C561B894}.Debug|Any CPU.Build.0 = Debug|Any CPU
		{6618F299-AC32-4CD0-AACA-A815C561B894}.Release|Any CPU.ActiveCfg = Release|Any CPU
		{6618F299-AC32-4CD0-AACA-A815C561B894}.Release|Any CPU.Build.0 = Release|Any CPU
	EndGlobalSection
	GlobalSection(SolutionProperties) = preSolution
		HideSolutionNode = FALSE
	EndGlobalSection
	GlobalSection(ExtensibilityGlobals) = postSolution
		SolutionGuid = {DC8FB515-9669-46FD-B763-5F31A8578E83}
	EndGlobalSection
EndGlobal
